<?xml version="1.0" encoding="utf-8"?>
<Project ToolsVersion="4.0" xmlns="http://schemas.microsoft.com/developer/msbuild/2003">
  <ItemGroup>
    <Filter Include="Source Files">
      <UniqueIdentifier>{4FC737F1-C7A5-4376-A066-2A32D752A2FF}</UniqueIdentifier>
      <Extensions>cpp;c;cc;cxx;def;odl;idl;hpj;bat;asm;asmx</Extensions>
    </Filter>
    <Filter Include="Header Files">
      <UniqueIdentifier>{93995380-89BD-4b04-88EB-625FBE52EBFB}</UniqueIdentifier>
      <Extensions>h;hh;hpp;hxx;hm;inl;inc;ipp;xsd</Extensions>
    </Filter>
    <Filter Include="Resource Files">
      <UniqueIdentifier>{67DA6AB6-F800-4c08-8B7A-83BB121AAD01}</UniqueIdentifier>
      <Extensions>rc;ico;cur;bmp;dlg;rc2;rct;bin;rgs;gif;jpg;jpeg;jpe;resx;tiff;tif;png;wav;mfcribbon-ms</Extensions>
    </Filter>
    <Filter Include="Source Files\terrain">
      <UniqueIdentifier>{1e62230b-6689-480d-a6d4-18f03a0e3b38}</UniqueIdentifier>
    </Filter>
    <Filter Include="Source Files\animation">
      <UniqueIdentifier>{93e4ee9d-c90c-4e58-bc9a-37c3d6d798d0}</UniqueIdentifier>
    </Filter>
    <Filter Include="Source Files\entity">
      <UniqueIdentifier>{835d0654-3f49-4093-b896-3976af1350c7}</UniqueIdentifier>
    </Filter>
    <Filter Include="Source Files\glWrapper">
      <UniqueIdentifier>{90563b59-38d7-4b6c-a0dd-e82282099170}</UniqueIdentifier>
    </Filter>
    <Filter Include="Header Files\animation">
      <UniqueIdentifier>{4a2ecb8a-f6b5-409d-a02f-0943b9a33bf7}</UniqueIdentifier>
    </Filter>
    <Filter Include="Header Files\entity">
      <UniqueIdentifier>{f640bff2-830b-4dae-a675-f2ccacff78f1}</UniqueIdentifier>
    </Filter>
    <Filter Include="Header Files\glWrapper">
      <UniqueIdentifier>{0d5fe26c-2ff4-4fd1-b0ab-ef2c445e2eb1}</UniqueIdentifier>
    </Filter>
    <Filter Include="Header Files\terrain">
      <UniqueIdentifier>{5dc2236c-fbce-4fc7-9cd5-f800101921d4}</UniqueIdentifier>
    </Filter>
    <Filter Include="Header Files\scene">
      <UniqueIdentifier>{f917fad2-f33b-4d77-b8ca-837208b54562}</UniqueIdentifier>
    </Filter>
    <Filter Include="Header Files\util">
      <UniqueIdentifier>{e93e5137-d717-4554-9581-3a393bec2c07}</UniqueIdentifier>
    </Filter>
    <Filter Include="Source Files\scene">
      <UniqueIdentifier>{caad6fc3-01f2-4c83-93d0-e910902c854b}</UniqueIdentifier>
    </Filter>
    <Filter Include="Source Files\util">
      <UniqueIdentifier>{496eba93-e3de-46e0-a864-f1b3b8daf33e}</UniqueIdentifier>
    </Filter>
    <Filter Include="Resource Files\shaders">
      <UniqueIdentifier>{b115c083-5de5-42cd-9a94-196839f5afbd}</UniqueIdentifier>
    </Filter>
    <Filter Include="Header Files\Game">
      <UniqueIdentifier>{e83298df-df4e-4e1c-877d-c4079c86b4b7}</UniqueIdentifier>
    </Filter>
    <Filter Include="Source Files\Game">
      <UniqueIdentifier>{da026332-cb64-41db-a1c5-2970a735ead8}</UniqueIdentifier>
    </Filter>
    <Filter Include="Source Files\camera">
      <UniqueIdentifier>{4ec2fe6f-6cbe-42c5-84fe-2636280c4bca}</UniqueIdentifier>
    </Filter>
    <Filter Include="Header Files\camera">
      <UniqueIdentifier>{5f617633-8b52-4b3a-aa4b-cebb9a5cc759}</UniqueIdentifier>
    </Filter>
    <Filter Include="Header Files\texture">
      <UniqueIdentifier>{a73dae2c-ae0f-40c7-be89-fa5aac411d9b}</UniqueIdentifier>
    </Filter>
    <Filter Include="Source Files\texture">
      <UniqueIdentifier>{e69ea870-2b19-4bd3-b1e4-2e01e8f97684}</UniqueIdentifier>
    </Filter>
    <Filter Include="Header Files\container">
      <UniqueIdentifier>{7a25b6b9-ecc1-480e-83f2-1e471397ace7}</UniqueIdentifier>
    </Filter>
    <Filter Include="Source Files\container">
      <UniqueIdentifier>{cc41bcd5-73ae-4fd8-b408-64e63158d73f}</UniqueIdentifier>
    </Filter>
    <Filter Include="Header Files\geometry">
      <UniqueIdentifier>{2009e4ba-9434-493a-b21c-4f35724197f4}</UniqueIdentifier>
    </Filter>
    <Filter Include="Header Files\GUI">
      <UniqueIdentifier>{244185c3-3d5b-44de-ae0d-62ec1189fbbe}</UniqueIdentifier>
    </Filter>
    <Filter Include="Source Files\GUI">
      <UniqueIdentifier>{01dcf9de-0535-467c-ab4e-080bc3bf0160}</UniqueIdentifier>
    </Filter>
    <Filter Include="Source Files\geometry">
      <UniqueIdentifier>{f166f250-f0a3-40ef-bc5b-8a5e17cca15c}</UniqueIdentifier>
    </Filter>
    <Filter Include="Header Files\input">
      <UniqueIdentifier>{e5b9fe1d-5355-4ed0-82ed-91e9b0275cef}</UniqueIdentifier>
    </Filter>
    <Filter Include="Source Files\input">
      <UniqueIdentifier>{f65f5922-0ff2-4409-94c0-1bf3993d6bff}</UniqueIdentifier>
    </Filter>
    <Filter Include="Header Files\input\context">
      <UniqueIdentifier>{2b7c241f-2898-40b2-8054-9010eeead648}</UniqueIdentifier>
    </Filter>
    <Filter Include="Source Files\input\context">
      <UniqueIdentifier>{bfff4ce7-04e7-44c9-95ea-faa6f5f3abfe}</UniqueIdentifier>
    </Filter>
    <Filter Include="Header Files\util\lib">
      <UniqueIdentifier>{90a05038-2e55-466e-8977-f76021f24b8e}</UniqueIdentifier>
    </Filter>
    <Filter Include="Source Files\util\lib">
      <UniqueIdentifier>{3d6f77af-7b37-40de-bbca-4db191ea50e1}</UniqueIdentifier>
    </Filter>
  </ItemGroup>
  <ItemGroup>
    <ClCompile Include="Animation.cpp">
      <Filter>Source Files\animation</Filter>
    </ClCompile>
    <ClCompile Include="Animator.cpp">
      <Filter>Source Files\animation</Filter>
    </ClCompile>
    <ClCompile Include="Terrain.cpp">
      <Filter>Source Files\terrain</Filter>
    </ClCompile>
    <ClCompile Include="TerrainTile.cpp">
      <Filter>Source Files\terrain</Filter>
    </ClCompile>
    <ClCompile Include="TerrainRenderer.cpp">
      <Filter>Source Files\terrain</Filter>
    </ClCompile>
    <ClCompile Include="Material.cpp">
      <Filter>Source Files\entity</Filter>
    </ClCompile>
    <ClCompile Include="Vertex.cpp">
      <Filter>Source Files\entity</Filter>
    </ClCompile>
    <ClCompile Include="Mesh.cpp">
      <Filter>Source Files\entity</Filter>
    </ClCompile>
    <ClCompile Include="Model.cpp">
      <Filter>Source Files\entity</Filter>
    </ClCompile>
    <ClCompile Include="Entity.cpp">
      <Filter>Source Files\entity</Filter>
    </ClCompile>
    <ClCompile Include="EntityRenderer.cpp">
      <Filter>Source Files\entity</Filter>
    </ClCompile>
    <ClCompile Include="UBO.cpp">
      <Filter>Source Files\glWrapper</Filter>
    </ClCompile>
    <ClCompile Include="Shader.cpp">
      <Filter>Source Files\glWrapper</Filter>
    </ClCompile>
    <ClCompile Include="GameClock.cpp">
      <Filter>Source Files\scene</Filter>
    </ClCompile>
    <ClCompile Include="Scene.cpp">
      <Filter>Source Files\scene</Filter>
    </ClCompile>
    <ClCompile Include="CONSTANTS.cpp">
      <Filter>Source Files\util</Filter>
    </ClCompile>
    <ClCompile Include="Util.cpp">
      <Filter>Source Files\util</Filter>
    </ClCompile>
    <ClCompile Include="Main.cpp">
      <Filter>Source Files\Game</Filter>
    </ClCompile>
    <ClCompile Include="Camera.cpp">
      <Filter>Source Files\camera</Filter>
    </ClCompile>
    <ClCompile Include="FollowCamera.cpp">
      <Filter>Source Files\camera</Filter>
    </ClCompile>
    <ClCompile Include="Texture.cpp">
      <Filter>Source Files\texture</Filter>
    </ClCompile>
    <ClCompile Include="CubeMap.cpp">
      <Filter>Source Files\texture</Filter>
    </ClCompile>
    <ClCompile Include="BoundingBox.cpp">
      <Filter>Source Files\container</Filter>
    </ClCompile>
    <ClCompile Include="BoundingSphere.cpp">
      <Filter>Source Files\container</Filter>
    </ClCompile>
    <ClCompile Include="Plane.cpp">
      <Filter>Source Files\geometry</Filter>
    </ClCompile>
    <ClCompile Include="Frustum.cpp">
      <Filter>Source Files\geometry</Filter>
    </ClCompile>
    <ClCompile Include="Octree.cpp">
      <Filter>Source Files\scene</Filter>
    </ClCompile>
    <ClCompile Include="Worker.cpp">
      <Filter>Source Files\Game</Filter>
    </ClCompile>
    <ClCompile Include="Ray.cpp">
      <Filter>Source Files\geometry</Filter>
    </ClCompile>
    <ClCompile Include="GUIRenderer.cpp">
      <Filter>Source Files\GUI</Filter>
    </ClCompile>
    <ClCompile Include="HealthBarRenderer.cpp">
      <Filter>Source Files\GUI</Filter>
    </ClCompile>
    <ClCompile Include="BoundingBoxRenderer.cpp">
      <Filter>Source Files\container</Filter>
    </ClCompile>
    <ClCompile Include="MovingUnit.cpp">
      <Filter>Source Files\Game</Filter>
    </ClCompile>
    <ClCompile Include="Destination.cpp">
      <Filter>Source Files\Game</Filter>
    </ClCompile>
    <ClCompile Include="Mouse.cpp">
      <Filter>Source Files\input</Filter>
    </ClCompile>
    <ClCompile Include="InputManager.cpp">
      <Filter>Source Files\input</Filter>
    </ClCompile>
    <ClCompile Include="Context.cpp">
      <Filter>Source Files\input\context</Filter>
    </ClCompile>
    <ClCompile Include="ContextManager.cpp">
      <Filter>Source Files\input\context</Filter>
    </ClCompile>
    <ClCompile Include="MainContext.cpp">
      <Filter>Source Files\input\context</Filter>
    </ClCompile>
    <ClCompile Include="DragSquare.cpp">
      <Filter>Source Files\GUI</Filter>
    </ClCompile>
    <ClCompile Include="ID.cpp">
      <Filter>Source Files</Filter>
    </ClCompile>
    <ClCompile Include="pugixml.cpp">
      <Filter>Source Files\util\lib</Filter>
    </ClCompile>
    <ClCompile Include="CallbackInterface.cpp">
      <Filter>Source Files\util</Filter>
    </ClCompile>
    <ClCompile Include="UnitCard.cpp">
      <Filter>Source Files\GUI</Filter>
    </ClCompile>
    <ClCompile Include="GUI.cpp">
      <Filter>Source Files\GUI</Filter>
    </ClCompile>
    <ClCompile Include="ActiveGUI.cpp">
      <Filter>Source Files\GUI</Filter>
    </ClCompile>
  </ItemGroup>
  <ItemGroup>
    <None Include="EntityFragmentShader2.frag">
      <Filter>Resource Files\shaders</Filter>
    </None>
    <None Include="EntityVertexShader2.vert">
      <Filter>Resource Files\shaders</Filter>
    </None>
    <None Include="TerrainFragmentShader2.frag">
      <Filter>Resource Files\shaders</Filter>
    </None>
    <None Include="TerrainVertexShader2.vert">
      <Filter>Resource Files\shaders</Filter>
    </None>
    <None Include="GUIFragmentShader.frag">
      <Filter>Resource Files\shaders</Filter>
    </None>
    <None Include="GUIVertexShader.vert">
      <Filter>Resource Files\shaders</Filter>
    </None>
    <None Include="HealthBarVertexShader.vert">
      <Filter>Resource Files\shaders</Filter>
    </None>
    <None Include="HealthBarFragmentShader.frag">
      <Filter>Resource Files\shaders</Filter>
    </None>
    <None Include="BoundingBoxVertexShader.vert">
      <Filter>Resource Files\shaders</Filter>
    </None>
    <None Include="BoundingBoxFragmentShader.frag">
      <Filter>Resource Files\shaders</Filter>
    </None>
  </ItemGroup>
  <ItemGroup>
    <ClInclude Include="Animation.h">
      <Filter>Header Files\animation</Filter>
    </ClInclude>
    <ClInclude Include="Animator.h">
      <Filter>Header Files\animation</Filter>
    </ClInclude>
    <ClInclude Include="Entity.h">
      <Filter>Header Files\entity</Filter>
    </ClInclude>
    <ClInclude Include="EntityRenderer.h">
      <Filter>Header Files\entity</Filter>
    </ClInclude>
    <ClInclude Include="Joint.h">
      <Filter>Header Files\entity</Filter>
    </ClInclude>
    <ClInclude Include="Material.h">
      <Filter>Header Files\entity</Filter>
    </ClInclude>
    <ClInclude Include="Mesh.h">
      <Filter>Header Files\entity</Filter>
    </ClInclude>
    <ClInclude Include="Model.h">
      <Filter>Header Files\entity</Filter>
    </ClInclude>
    <ClInclude Include="Terrain.h">
      <Filter>Header Files\terrain</Filter>
    </ClInclude>
    <ClInclude Include="TerrainRenderer.h">
      <Filter>Header Files\terrain</Filter>
    </ClInclude>
    <ClInclude Include="TerrainTile.h">
      <Filter>Header Files\terrain</Filter>
    </ClInclude>
    <ClInclude Include="Util.h">
      <Filter>Header Files\util</Filter>
    </ClInclude>
    <ClInclude Include="UBO.h">
      <Filter>Header Files\glWrapper</Filter>
    </ClInclude>
    <ClInclude Include="Vertex.h">
      <Filter>Header Files\entity</Filter>
    </ClInclude>
    <ClInclude Include="CONSTANTS.h">
      <Filter>Header Files\util</Filter>
    </ClInclude>
    <ClInclude Include="GameClock.h">
      <Filter>Header Files\scene</Filter>
    </ClInclude>
    <ClInclude Include="Light.h">
      <Filter>Header Files\scene</Filter>
    </ClInclude>
    <ClInclude Include="Scene.h">
      <Filter>Header Files\scene</Filter>
    </ClInclude>
    <ClInclude Include="Shader.h">
      <Filter>Header Files\glWrapper</Filter>
    </ClInclude>
    <ClInclude Include="Camera.h">
      <Filter>Header Files\camera</Filter>
    </ClInclude>
    <ClInclude Include="FollowCamera.h">
      <Filter>Header Files\camera</Filter>
    </ClInclude>
    <ClInclude Include="Texture.h">
      <Filter>Header Files\texture</Filter>
    </ClInclude>
    <ClInclude Include="CubeMap.h">
      <Filter>Header Files\texture</Filter>
    </ClInclude>
    <ClInclude Include="Octree.h">
      <Filter>Header Files\scene</Filter>
    </ClInclude>
    <ClInclude Include="BoundingBox.h">
      <Filter>Header Files\container</Filter>
    </ClInclude>
    <ClInclude Include="BoundingSphere.h">
      <Filter>Header Files\container</Filter>
    </ClInclude>
    <ClInclude Include="Plane.h">
      <Filter>Header Files\geometry</Filter>
    </ClInclude>
    <ClInclude Include="Frustum.h">
      <Filter>Header Files\geometry</Filter>
    </ClInclude>
    <ClInclude Include="Worker.h">
      <Filter>Header Files\Game</Filter>
    </ClInclude>
    <ClInclude Include="Ray.h">
      <Filter>Header Files\geometry</Filter>
    </ClInclude>
    <ClInclude Include="GUIRenderer.h">
      <Filter>Header Files\GUI</Filter>
    </ClInclude>
    <ClInclude Include="HealthBarRenderer.h">
      <Filter>Header Files\GUI</Filter>
    </ClInclude>
    <ClInclude Include="IntersectionRecord.h">
      <Filter>Header Files\util</Filter>
    </ClInclude>
    <ClInclude Include="BoundingBoxRenderer.h">
      <Filter>Header Files\container</Filter>
    </ClInclude>
    <ClInclude Include="MovingUnit.h">
      <Filter>Header Files\Game</Filter>
    </ClInclude>
    <ClInclude Include="Destination.h">
      <Filter>Header Files\Game</Filter>
    </ClInclude>
    <ClInclude Include="Mouse.h">
      <Filter>Header Files\input</Filter>
    </ClInclude>
    <ClInclude Include="InputManager.h">
      <Filter>Header Files\input</Filter>
    </ClInclude>
    <ClInclude Include="Context.h">
      <Filter>Header Files\input\context</Filter>
    </ClInclude>
    <ClInclude Include="ContextManager.h">
      <Filter>Header Files\input\context</Filter>
    </ClInclude>
    <ClInclude Include="CallbackInterface.h">
      <Filter>Header Files\util</Filter>
    </ClInclude>
    <ClInclude Include="MainContext.h">
      <Filter>Header Files\input\context</Filter>
    </ClInclude>
    <ClInclude Include="DragSquare.h">
      <Filter>Header Files\GUI</Filter>
    </ClInclude>
    <ClInclude Include="ID.h">
      <Filter>Header Files</Filter>
    </ClInclude>
    <ClInclude Include="pugiconfig.hpp">
      <Filter>Header Files\util\lib</Filter>
    </ClInclude>
    <ClInclude Include="pugixml.hpp">
      <Filter>Header Files\util\lib</Filter>
    </ClInclude>
    <ClInclude Include="stb_image.h">
      <Filter>Header Files\util\lib</Filter>
    </ClInclude>
    <ClInclude Include="TownCenter..h">
      <Filter>Header Files\Game</Filter>
    </ClInclude>
    <ClInclude Include="UnitCard.h">
      <Filter>Header Files\GUI</Filter>
    </ClInclude>
    <ClInclude Include="GUI.h">
      <Filter>Header Files\GUI</Filter>
    </ClInclude>
    <ClInclude Include="ActiveGUI.h">
      <Filter>Header Files\GUI</Filter>
    </ClInclude>
  </ItemGroup>
  <ItemGroup>
    <Xml Include="contexts\MainContext.xml">
      <Filter>Resource Files</Filter>
    </Xml>
  </ItemGroup>
</Project>